
Microsoft Visual Studio Solution File, Format Version 12.00
# Visual Studio Version 17
VisualStudioVersion = 17.8.34511.84
MinimumVisualStudioVersion = 10.0.40219.1
Project("{FAE04EC0-301F-11D3-BF4B-00C04F79EFBC}") = "progetto_settimanaleS13L5", "progetto_settimanaleS13L5.csproj", "{CF3FA8A6-61AD-47AC-BD29-4353DB11F30E}"
EndProject
Global
	GlobalSection(SolutionConfigurationPlatforms) = preSolution
		Debug|Any CPU = Debug|Any CPU
		Release|Any CPU = Release|Any CPU
	EndGlobalSection
	GlobalSection(ProjectConfigurationPlatforms) = postSolution
		{CF3FA8A6-61AD-47AC-BD29-4353DB11F30E}.Debug|Any CPU.ActiveCfg = Debug|Any CPU
		{CF3FA8A6-61AD-47AC-BD29-4353DB11F30E}.Debug|Any CPU.Build.0 = Debug|Any CPU
		{CF3FA8A6-61AD-47AC-BD29-4353DB11F30E}.Release|Any CPU.ActiveCfg = Release|Any CPU
		{CF3FA8A6-61AD-47AC-BD29-4353DB11F30E}.Release|Any CPU.Build.0 = Release|Any CPU
	EndGlobalSection
	GlobalSection(SolutionProperties) = preSolution
		HideSolutionNode = FALSE
	EndGlobalSection
	GlobalSection(ExtensibilityGlobals) = postSolution
		SolutionGuid = {D877A3C1-E0E5-43CB-B9A1-A8DE4D0C43F9}
	EndGlobalSection
EndGlobal
